
Microsoft Visual Studio Solution File, Format Version 12.00
# Visual Studio 15
VisualStudioVersion = 15.0.28010.2041
MinimumVisualStudioVersion = 10.0.40219.1
Project("{FAE04EC0-301F-11D3-BF4B-00C04F79EFBC}") = "WM.Kazakhstan.Tests", "WM.Kazakhstan.Tests\WM.Kazakhstan.Tests.csproj", "{0327EB12-215A-4BD7-8A0B-7C63B19B212B}"
EndProject
Project("{9A19103F-16F7-4668-BE54-9A1E7A4F7556}") = "WM.Kazakhstan.Core", "WM.Kazakhstan.Core\WM.Kazakhstan.Core.csproj", "{04CADA64-6607-485E-B34D-9635BBBAB51E}"
EndProject
Project("{FAE04EC0-301F-11D3-BF4B-00C04F79EFBC}") = "WM.Kazakhstan", "WM.Kazakhstan\WM.Kazakhstan.csproj", "{8A6CEA0C-3A42-4235-9CC8-10731F2654D5}"
EndProject
Global
	GlobalSection(SolutionConfigurationPlatforms) = preSolution
		Debug|Any CPU = Debug|Any CPU
		Release|Any CPU = Release|Any CPU
	EndGlobalSection
	GlobalSection(ProjectConfigurationPlatforms) = postSolution
		{0327EB12-215A-4BD7-8A0B-7C63B19B212B}.Debug|Any CPU.ActiveCfg = Debug|Any CPU
		{0327EB12-215A-4BD7-8A0B-7C63B19B212B}.Debug|Any CPU.Build.0 = Debug|Any CPU
		{0327EB12-215A-4BD7-8A0B-7C63B19B212B}.Release|Any CPU.ActiveCfg = Release|Any CPU
		{0327EB12-215A-4BD7-8A0B-7C63B19B212B}.Release|Any CPU.Build.0 = Release|Any CPU
		{04CADA64-6607-485E-B34D-9635BBBAB51E}.Debug|Any CPU.ActiveCfg = Debug|Any CPU
		{04CADA64-6607-485E-B34D-9635BBBAB51E}.Debug|Any CPU.Build.0 = Debug|Any CPU
		{04CADA64-6607-485E-B34D-9635BBBAB51E}.Release|Any CPU.ActiveCfg = Release|Any CPU
		{04CADA64-6607-485E-B34D-9635BBBAB51E}.Release|Any CPU.Build.0 = Release|Any CPU
		{8A6CEA0C-3A42-4235-9CC8-10731F2654D5}.Debug|Any CPU.ActiveCfg = Debug|Any CPU
		{8A6CEA0C-3A42-4235-9CC8-10731F2654D5}.Debug|Any CPU.Build.0 = Debug|Any CPU
		{8A6CEA0C-3A42-4235-9CC8-10731F2654D5}.Release|Any CPU.ActiveCfg = Release|Any CPU
		{8A6CEA0C-3A42-4235-9CC8-10731F2654D5}.Release|Any CPU.Build.0 = Release|Any CPU
	EndGlobalSection
	GlobalSection(SolutionProperties) = preSolution
		HideSolutionNode = FALSE
	EndGlobalSection
	GlobalSection(ExtensibilityGlobals) = postSolution
		SolutionGuid = {8C9C4250-0FCD-41E4-94D9-C07C5FE95E08}
	EndGlobalSection
EndGlobal
